// !$*UTF8*$!
{
	archiveVersion = 1;
	classes = {
	};
	objectVersion = 50;
	objects = {

/* Begin PBXBuildFile section */
		0F8100A0E4ECDAE4E2D21F2A /* Pods_ActivityButton.framework in Frameworks */ = {isa = PBXBuildFile; fileRef = 2643268CFEA0EDB18C6546C6 /* Pods_ActivityButton.framework */; };
		8E8E7B7B22B7402600BB4F9A /* AppDelegate.swift in Sources */ = {isa = PBXBuildFile; fileRef = 8E8E7B7A22B7402600BB4F9A /* AppDelegate.swift */; };
		8E8E7B7D22B7402600BB4F9A /* ViewController.swift in Sources */ = {isa = PBXBuildFile; fileRef = 8E8E7B7C22B7402600BB4F9A /* ViewController.swift */; };
		8E8E7B8022B7402600BB4F9A /* Main.storyboard in Resources */ = {isa = PBXBuildFile; fileRef = 8E8E7B7E22B7402600BB4F9A /* Main.storyboard */; };
		8E8E7B8222B7402700BB4F9A /* Assets.xcassets in Resources */ = {isa = PBXBuildFile; fileRef = 8E8E7B8122B7402700BB4F9A /* Assets.xcassets */; };
		8E8E7B8522B7402700BB4F9A /* LaunchScreen.storyboard in Resources */ = {isa = PBXBuildFile; fileRef = 8E8E7B8322B7402700BB4F9A /* LaunchScreen.storyboard */; };
		8E8E7B8D22B7407A00BB4F9A /* ActivityButton.swift in Sources */ = {isa = PBXBuildFile; fileRef = 8E8E7B8C22B7407A00BB4F9A /* ActivityButton.swift */; };
		8E8E7B8F22B740CF00BB4F9A /* ActivityButton_Reactive.swift in Sources */ = {isa = PBXBuildFile; fileRef = 8E8E7B8E22B740CF00BB4F9A /* ActivityButton_Reactive.swift */; };
		8E8E7B9222B77E3600BB4F9A /* ActivityButton.podspec in Resources */ = {isa = PBXBuildFile; fileRef = 8E8E7B9122B77E3600BB4F9A /* ActivityButton.podspec */; };
/* End PBXBuildFile section */

/* Begin PBXFileReference section */
		2643268CFEA0EDB18C6546C6 /* Pods_ActivityButton.framework */ = {isa = PBXFileReference; explicitFileType = wrapper.framework; includeInIndex = 0; path = Pods_ActivityButton.framework; sourceTree = BUILT_PRODUCTS_DIR; };
		332B025CF3C4EC73CD8B605E /* Pods-ActivityButton.release.xcconfig */ = {isa = PBXFileReference; includeInIndex = 1; lastKnownFileType = text.xcconfig; name = "Pods-ActivityButton.release.xcconfig"; path = "Target Support Files/Pods-ActivityButton/Pods-ActivityButton.release.xcconfig"; sourceTree = "<group>"; };
		8E8E7B7722B7402600BB4F9A /* ActivityButton.app */ = {isa = PBXFileReference; explicitFileType = wrapper.application; includeInIndex = 0; path = ActivityButton.app; sourceTree = BUILT_PRODUCTS_DIR; };
		8E8E7B7A22B7402600BB4F9A /* AppDelegate.swift */ = {isa = PBXFileReference; lastKnownFileType = sourcecode.swift; path = AppDelegate.swift; sourceTree = "<group>"; };
		8E8E7B7C22B7402600BB4F9A /* ViewController.swift */ = {isa = PBXFileReference; lastKnownFileType = sourcecode.swift; path = ViewController.swift; sourceTree = "<group>"; };
		8E8E7B7F22B7402600BB4F9A /* Base */ = {isa = PBXFileReference; lastKnownFileType = file.storyboard; name = Base; path = Base.lproj/Main.storyboard; sourceTree = "<group>"; };
		8E8E7B8122B7402700BB4F9A /* Assets.xcassets */ = {isa = PBXFileReference; lastKnownFileType = folder.assetcatalog; path = Assets.xcassets; sourceTree = "<group>"; };
		8E8E7B8422B7402700BB4F9A /* Base */ = {isa = PBXFileReference; lastKnownFileType = file.storyboard; name = Base; path = Base.lproj/LaunchScreen.storyboard; sourceTree = "<group>"; };
		8E8E7B8622B7402700BB4F9A /* Info.plist */ = {isa = PBXFileReference; lastKnownFileType = text.plist.xml; path = Info.plist; sourceTree = "<group>"; };
		8E8E7B8C22B7407A00BB4F9A /* ActivityButton.swift */ = {isa = PBXFileReference; fileEncoding = 4; lastKnownFileType = sourcecode.swift; path = ActivityButton.swift; sourceTree = "<group>"; };
		8E8E7B8E22B740CF00BB4F9A /* ActivityButton_Reactive.swift */ = {isa = PBXFileReference; lastKnownFileType = sourcecode.swift; path = ActivityButton_Reactive.swift; sourceTree = "<group>"; };
		8E8E7B9122B77E3600BB4F9A /* ActivityButton.podspec */ = {isa = PBXFileReference; explicitFileType = text.script.ruby; path = ActivityButton.podspec; sourceTree = "<group>"; };
		D576A250FBB5FD87E38C26CC /* Pods-ActivityButton.debug.xcconfig */ = {isa = PBXFileReference; includeInIndex = 1; lastKnownFileType = text.xcconfig; name = "Pods-ActivityButton.debug.xcconfig"; path = "Target Support Files/Pods-ActivityButton/Pods-ActivityButton.debug.xcconfig"; sourceTree = "<group>"; };
/* End PBXFileReference section */

/* Begin PBXFrameworksBuildPhase section */
		8E8E7B7422B7402600BB4F9A /* Frameworks */ = {
			isa = PBXFrameworksBuildPhase;
			buildActionMask = 2147483647;
			files = (
				0F8100A0E4ECDAE4E2D21F2A /* Pods_ActivityButton.framework in Frameworks */,
			);
			runOnlyForDeploymentPostprocessing = 0;
		};
/* End PBXFrameworksBuildPhase section */

/* Begin PBXGroup section */
		899EF4B4A072D3BEBE6509D9 /* Pods */ = {
			isa = PBXGroup;
			children = (
				D576A250FBB5FD87E38C26CC /* Pods-ActivityButton.debug.xcconfig */,
				332B025CF3C4EC73CD8B605E /* Pods-ActivityButton.release.xcconfig */,
			);
			path = Pods;
			sourceTree = "<group>";
		};
		8E8E7B6E22B7402600BB4F9A = {
			isa = PBXGroup;
			children = (
				8E8E7B9122B77E3600BB4F9A /* ActivityButton.podspec */,
				8E8E7B9022B76EA300BB4F9A /* Components */,
				8E8E7B7922B7402600BB4F9A /* ActivityButton */,
				8E8E7B7822B7402600BB4F9A /* Products */,
				899EF4B4A072D3BEBE6509D9 /* Pods */,
				F22CDA6547C83B5A29FA1418 /* Frameworks */,
			);
			sourceTree = "<group>";
		};
		8E8E7B7822B7402600BB4F9A /* Products */ = {
			isa = PBXGroup;
			children = (
				8E8E7B7722B7402600BB4F9A /* ActivityButton.app */,
			);
			name = Products;
			sourceTree = "<group>";
		};
		8E8E7B7922B7402600BB4F9A /* ActivityButton */ = {
			isa = PBXGroup;
			children = (
				8E8E7B7A22B7402600BB4F9A /* AppDelegate.swift */,
				8E8E7B7C22B7402600BB4F9A /* ViewController.swift */,
				8E8E7B7E22B7402600BB4F9A /* Main.storyboard */,
				8E8E7B8122B7402700BB4F9A /* Assets.xcassets */,
				8E8E7B8322B7402700BB4F9A /* LaunchScreen.storyboard */,
				8E8E7B8622B7402700BB4F9A /* Info.plist */,
			);
			path = ActivityButton;
			sourceTree = "<group>";
		};
		8E8E7B9022B76EA300BB4F9A /* Components */ = {
			isa = PBXGroup;
			children = (
				8E8E7B8C22B7407A00BB4F9A /* ActivityButton.swift */,
				8E8E7B8E22B740CF00BB4F9A /* ActivityButton_Reactive.swift */,
			);
			path = Components;
			sourceTree = "<group>";
		};
		F22CDA6547C83B5A29FA1418 /* Frameworks */ = {
			isa = PBXGroup;
			children = (
				2643268CFEA0EDB18C6546C6 /* Pods_ActivityButton.framework */,
			);
			name = Frameworks;
			sourceTree = "<group>";
		};
/* End PBXGroup section */

/* Begin PBXNativeTarget section */
		8E8E7B7622B7402600BB4F9A /* ActivityButton */ = {
			isa = PBXNativeTarget;
			buildConfigurationList = 8E8E7B8922B7402700BB4F9A /* Build configuration list for PBXNativeTarget "ActivityButton" */;
			buildPhases = (
				B39648BD5D51A1D7AD2F25E4 /* [CP] Check Pods Manifest.lock */,
				8E8E7B7322B7402600BB4F9A /* Sources */,
				8E8E7B7422B7402600BB4F9A /* Frameworks */,
				8E8E7B7522B7402600BB4F9A /* Resources */,
				6EA8127938D052AF9C4E2D8D /* [CP] Embed Pods Frameworks */,
			);
			buildRules = (
			);
			dependencies = (
			);
			name = ActivityButton;
			productName = ActivityButton;
			productReference = 8E8E7B7722B7402600BB4F9A /* ActivityButton.app */;
			productType = "com.apple.product-type.application";
		};
/* End PBXNativeTarget section */

/* Begin PBXProject section */
		8E8E7B6F22B7402600BB4F9A /* Project object */ = {
			isa = PBXProject;
			attributes = {
				LastSwiftUpdateCheck = 1020;
				LastUpgradeCheck = 1020;
				ORGANIZATIONNAME = andrew;
				TargetAttributes = {
					8E8E7B7622B7402600BB4F9A = {
						CreatedOnToolsVersion = 10.2.1;
					};
				};
			};
			buildConfigurationList = 8E8E7B7222B7402600BB4F9A /* Build configuration list for PBXProject "ActivityButton" */;
			compatibilityVersion = "Xcode 9.3";
			developmentRegion = en;
			hasScannedForEncodings = 0;
			knownRegions = (
				en,
				Base,
			);
			mainGroup = 8E8E7B6E22B7402600BB4F9A;
			productRefGroup = 8E8E7B7822B7402600BB4F9A /* Products */;
			projectDirPath = "";
			projectRoot = "";
			targets = (
				8E8E7B7622B7402600BB4F9A /* ActivityButton */,
			);
		};
/* End PBXProject section */

/* Begin PBXResourcesBuildPhase section */
		8E8E7B7522B7402600BB4F9A /* Resources */ = {
			isa = PBXResourcesBuildPhase;
			buildActionMask = 2147483647;
			files = (
				8E8E7B8522B7402700BB4F9A /* LaunchScreen.storyboard in Resources */,
				8E8E7B8222B7402700BB4F9A /* Assets.xcassets in Resources */,
				8E8E7B8022B7402600BB4F9A /* Main.storyboard in Resources */,
				8E8E7B9222B77E3600BB4F9A /* ActivityButton.podspec in Resources */,
			);
			runOnlyForDeploymentPostprocessing = 0;
		};
/* End PBXResourcesBuildPhase section */

/* Begin PBXShellScriptBuildPhase section */
		6EA8127938D052AF9C4E2D8D /* [CP] Embed Pods Frameworks */ = {
			isa = PBXShellScriptBuildPhase;
			buildActionMask = 2147483647;
			files = (
			);
			inputFileListPaths = (
			);
			inputPaths = (
				"${PODS_ROOT}/Target Support Files/Pods-ActivityButton/Pods-ActivityButton-frameworks.sh",
				"${BUILT_PRODUCTS_DIR}/ReactiveCocoa/ReactiveCocoa.framework",
				"${BUILT_PRODUCTS_DIR}/ReactiveSwift/ReactiveSwift.framework",
			);
			name = "[CP] Embed Pods Frameworks";
			outputFileListPaths = (
			);
			outputPaths = (
				"${TARGET_BUILD_DIR}/${FRAMEWORKS_FOLDER_PATH}/ReactiveCocoa.framework",
				"${TARGET_BUILD_DIR}/${FRAMEWORKS_FOLDER_PATH}/ReactiveSwift.framework",
			);
			runOnlyForDeploymentPostprocessing = 0;
			shellPath = /bin/sh;
			shellScript = "\"${PODS_ROOT}/Target Support Files/Pods-ActivityButton/Pods-ActivityButton-frameworks.sh\"\n";
			showEnvVarsInLog = 0;
		};
		B39648BD5D51A1D7AD2F25E4 /* [CP] Check Pods Manifest.lock */ = {
			isa = PBXShellScriptBuildPhase;
			buildActionMask = 2147483647;
			files = (
			);
			inputFileListPaths = (
			);
			inputPaths = (
				"${PODS_PODFILE_DIR_PATH}/Podfile.lock",
				"${PODS_ROOT}/Manifest.lock",
			);
			name = "[CP] Check Pods Manifest.lock";
			outputFileListPaths = (
			);
			outputPaths = (
				"$(DERIVED_FILE_DIR)/Pods-ActivityButton-checkManifestLockResult.txt",
			);
			runOnlyForDeploymentPostprocessing = 0;
			shellPath = /bin/sh;
			shellScript = "diff \"${PODS_PODFILE_DIR_PATH}/Podfile.lock\" \"${PODS_ROOT}/Manifest.lock\" > /dev/null\nif [ $? != 0 ] ; then\n    # print error to STDERR\n    echo \"error: The sandbox is not in sync with the Podfile.lock. Run 'pod install' or update your CocoaPods installation.\" >&2\n    exit 1\nfi\n# This output is used by Xcode 'outputs' to avoid re-running this script phase.\necho \"SUCCESS\" > \"${SCRIPT_OUTPUT_FILE_0}\"\n";
			showEnvVarsInLog = 0;
		};
/* End PBXShellScriptBuildPhase section */

/* Begin PBXSourcesBuildPhase section */
		8E8E7B7322B7402600BB4F9A /* Sources */ = {
			isa = PBXSourcesBuildPhase;
			buildActionMask = 2147483647;
			files = (
				8E8E7B7D22B7402600BB4F9A /* ViewController.swift in Sources */,
				8E8E7B7B22B7402600BB4F9A /* AppDelegate.swift in Sources */,
				8E8E7B8D22B7407A00BB4F9A /* ActivityButton.swift in Sources */,
				8E8E7B8F22B740CF00BB4F9A /* ActivityButton_Reactive.swift in Sources */,
			);
			runOnlyForDeploymentPostprocessing = 0;
		};
/* End PBXSourcesBuildPhase section */

/* Begin PBXVariantGroup section */
		8E8E7B7E22B7402600BB4F9A /* Main.storyboard */ = {
			isa = PBXVariantGroup;
			children = (
				8E8E7B7F22B7402600BB4F9A /* Base */,
			);
			name = Main.storyboard;
			sourceTree = "<group>";
		};
		8E8E7B8322B7402700BB4F9A /* LaunchScreen.storyboard */ = {
			isa = PBXVariantGroup;
			children = (
				8E8E7B8422B7402700BB4F9A /* Base */,
			);
			name = LaunchScreen.storyboard;
			sourceTree = "<group>";
		};
/* End PBXVariantGroup section */

/* Begin XCBuildConfiguration section */
		8E8E7B8722B7402700BB4F9A /* Debug */ = {
			isa = XCBuildConfiguration;
			buildSettings = {
				ALWAYS_SEARCH_USER_PATHS = NO;
				CLANG_ANALYZER_NONNULL = YES;
				CLANG_ANALYZER_NUMBER_OBJECT_CONVERSION = YES_AGGRESSIVE;
				CLANG_CXX_LANGUAGE_STANDARD = "gnu++14";
				CLANG_CXX_LIBRARY = "libc++";
				CLANG_ENABLE_MODULES = YES;
				CLANG_ENABLE_OBJC_ARC = YES;
				CLANG_ENABLE_OBJC_WEAK = YES;
				CLANG_WARN_BLOCK_CAPTURE_AUTORELEASING = YES;
				CLANG_WARN_BOOL_CONVERSION = YES;
				CLANG_WARN_COMMA = YES;
				CLANG_WARN_CONSTANT_CONVERSION = YES;
				CLANG_WARN_DEPRECATED_OBJC_IMPLEMENTATIONS = YES;
				CLANG_WARN_DIRECT_OBJC_ISA_USAGE = YES_ERROR;
				CLANG_WARN_DOCUMENTATION_COMMENTS = YES;
				CLANG_WARN_EMPTY_BODY = YES;
				CLANG_WARN_ENUM_CONVERSION = YES;
				CLANG_WARN_INFINITE_RECURSION = YES;
				CLANG_WARN_INT_CONVERSION = YES;
				CLANG_WARN_NON_LITERAL_NULL_CONVERSION = YES;
				CLANG_WARN_OBJC_IMPLICIT_RETAIN_SELF = YES;
				CLANG_WARN_OBJC_LITERAL_CONVERSION = YES;
				CLANG_WARN_OBJC_ROOT_CLASS = YES_ERROR;
				CLANG_WARN_RANGE_LOOP_ANALYSIS = YES;
				CLANG_WARN_STRICT_PROTOTYPES = YES;
				CLANG_WARN_SUSPICIOUS_MOVE = YES;
				CLANG_WARN_UNGUARDED_AVAILABILITY = YES_AGGRESSIVE;
				CLANG_WARN_UNREACHABLE_CODE = YES;
				CLANG_WARN__DUPLICATE_METHOD_MATCH = YES;
				CODE_SIGN_IDENTITY = "iPhone Developer";
				COPY_PHASE_STRIP = NO;
				DEBUG_INFORMATION_FORMAT = dwarf;
				ENABLE_STRICT_OBJC_MSGSEND = YES;
				ENABLE_TESTABILITY = YES;
				GCC_C_LANGUAGE_STANDARD = gnu11;
				GCC_DYNAMIC_NO_PIC = NO;
				GCC_NO_COMMON_BLOCKS = YES;
				GCC_OPTIMIZATION_LEVEL = 0;
				GCC_PREPROCESSOR_DEFINITIONS = (
					"DEBUG=1",
					"$(inherited)",
				);
				GCC_WARN_64_TO_32_BIT_CONVERSION = YES;
				GCC_WARN_ABOUT_RETURN_TYPE = YES_ERROR;
				GCC_WARN_UNDECLARED_SELECTOR = YES;
				GCC_WARN_UNINITIALIZED_AUTOS = YES_AGGRESSIVE;
				GCC_WARN_UNUSED_FUNCTION = YES;
				GCC_WARN_UNUSED_VARIABLE = YES;
				IPHONEOS_DEPLOYMENT_TARGET = 12.2;
				MTL_ENABLE_DEBUG_INFO = INCLUDE_SOURCE;
				MTL_FAST_MATH = YES;
				ONLY_ACTIVE_ARCH = YES;
				SDKROOT = iphoneos;
				SWIFT_ACTIVE_COMPILATION_CONDITIONS = DEBUG;
				SWIFT_OPTIMIZATION_LEVEL = "-Onone";
			};
			name = Debug;
		};
		8E8E7B8822B7402700BB4F9A /* Release */ = {
			isa = XCBuildConfiguration;
			buildSettings = {
				ALWAYS_SEARCH_USER_PATHS = NO;
				CLANG_ANALYZER_NONNULL = YES;
				CLANG_ANALYZER_NUMBER_OBJECT_CONVERSION = YES_AGGRESSIVE;
				CLANG_CXX_LANGUAGE_STANDARD = "gnu++14";
				CLANG_CXX_LIBRARY = "libc++";
				CLANG_ENABLE_MODULES = YES;
				CLANG_ENABLE_OBJC_ARC = YES;
				CLANG_ENABLE_OBJC_WEAK = YES;
				CLANG_WARN_BLOCK_CAPTURE_AUTORELEASING = YES;
				CLANG_WARN_BOOL_CONVERSION = YES;
				CLANG_WARN_COMMA = YES;
				CLANG_WARN_CONSTANT_CONVERSION = YES;
				CLANG_WARN_DEPRECATED_OBJC_IMPLEMENTATIONS = YES;
				CLANG_WARN_DIRECT_OBJC_ISA_USAGE = YES_ERROR;
				CLANG_WARN_DOCUMENTATION_COMMENTS = YES;
				CLANG_WARN_EMPTY_BODY = YES;
				CLANG_WARN_ENUM_CONVERSION = YES;
				CLANG_WARN_INFINITE_RECURSION = YES;
				CLANG_WARN_INT_CONVERSION = YES;
				CLANG_WARN_NON_LITERAL_NULL_CONVERSION = YES;
				CLANG_WARN_OBJC_IMPLICIT_RETAIN_SELF = YES;
				CLANG_WARN_OBJC_LITERAL_CONVERSION = YES;
				CLANG_WARN_OBJC_ROOT_CLASS = YES_ERROR;
				CLANG_WARN_RANGE_LOOP_ANALYSIS = YES;
				CLANG_WARN_STRICT_PROTOTYPES = YES;
				CLANG_WARN_SUSPICIOUS_MOVE = YES;
				CLANG_WARN_UNGUARDED_AVAILABILITY = YES_AGGRESSIVE;
				CLANG_WARN_UNREACHABLE_CODE = YES;
				CLANG_WARN__DUPLICATE_METHOD_MATCH = YES;
				CODE_SIGN_IDENTITY = "iPhone Developer";
				COPY_PHASE_STRIP = NO;
				DEBUG_INFORMATION_FORMAT = "dwarf-with-dsym";
				ENABLE_NS_ASSERTIONS = NO;
				ENABLE_STRICT_OBJC_MSGSEND = YES;
				GCC_C_LANGUAGE_STANDARD = gnu11;
				GCC_NO_COMMON_BLOCKS = YES;
				GCC_WARN_64_TO_32_BIT_CONVERSION = YES;
				GCC_WARN_ABOUT_RETURN_TYPE = YES_ERROR;
				GCC_WARN_UNDECLARED_SELECTOR = YES;
				GCC_WARN_UNINITIALIZED_AUTOS = YES_AGGRESSIVE;
				GCC_WARN_UNUSED_FUNCTION = YES;
				GCC_WARN_UNUSED_VARIABLE = YES;
				IPHONEOS_DEPLOYMENT_TARGET = 12.2;
				MTL_ENABLE_DEBUG_INFO = NO;
				MTL_FAST_MATH = YES;
				SDKROOT = iphoneos;
				SWIFT_COMPILATION_MODE = wholemodule;
				SWIFT_OPTIMIZATION_LEVEL = "-O";
				VALIDATE_PRODUCT = YES;
			};
			name = Release;
		};
		8E8E7B8A22B7402700BB4F9A /* Debug */ = {
			isa = XCBuildConfiguration;
			baseConfigurationReference = D576A250FBB5FD87E38C26CC /* Pods-ActivityButton.debug.xcconfig */;
			buildSettings = {
				ASSETCATALOG_COMPILER_APPICON_NAME = AppIcon;
				CODE_SIGN_STYLE = Automatic;
				DEVELOPMENT_TEAM = 8LF8VP4VRG;
				INFOPLIST_FILE = ActivityButton/Info.plist;
				LD_RUNPATH_SEARCH_PATHS = (
					"$(inherited)",
					"@executable_path/Frameworks",
				);
				PRODUCT_BUNDLE_IDENTIFIER = com.andrew.ActivityButton;
				PRODUCT_NAME = "$(TARGET_NAME)";
				SWIFT_VERSION = 5.0;
				TARGETED_DEVICE_FAMILY = "1,2";
			};
			name = Debug;
		};
		8E8E7B8B22B7402700BB4F9A /* Release */ = {
			isa = XCBuildConfiguration;
			baseConfigurationReference = 332B025CF3C4EC73CD8B605E /* Pods-ActivityButton.release.xcconfig */;
			buildSettings = {
				ASSETCATALOG_COMPILER_APPICON_NAME = AppIcon;
				CODE_SIGN_STYLE = Automatic;
				DEVELOPMENT_TEAM = 8LF8VP4VRG;
				INFOPLIST_FILE = ActivityButton/Info.plist;
				LD_RUNPATH_SEARCH_PATHS = (
					"$(inherited)",
					"@executable_path/Frameworks",
				);
				PRODUCT_BUNDLE_IDENTIFIER = com.andrew.ActivityButton;
				PRODUCT_NAME = "$(TARGET_NAME)";
				SWIFT_VERSION = 5.0;
				TARGETED_DEVICE_FAMILY = "1,2";
			};
			name = Release;
		};
/* End XCBuildConfiguration section */

/* Begin XCConfigurationList section */
		8E8E7B7222B7402600BB4F9A /* Build configuration list for PBXProject "ActivityButton" */ = {
			isa = XCConfigurationList;
			buildConfigurations = (
				8E8E7B8722B7402700BB4F9A /* Debug */,
				8E8E7B8822B7402700BB4F9A /* Release */,
			);
			defaultConfigurationIsVisible = 0;
			defaultConfigurationName = Release;
		};
		8E8E7B8922B7402700BB4F9A /* Build configuration list for PBXNativeTarget "ActivityButton" */ = {
			isa = XCConfigurationList;
			buildConfigurations = (
				8E8E7B8A22B7402700BB4F9A /* Debug */,
				8E8E7B8B22B7402700BB4F9A /* Release */,
			);
			defaultConfigurationIsVisible = 0;
			defaultConfigurationName = Release;
		};
/* End XCConfigurationList section */
	};
	rootObject = 8E8E7B6F22B7402600BB4F9A /* Project object */;
}
